
Microsoft Visual Studio Solution File, Format Version 12.00
# Visual Studio 15
VisualStudioVersion = 15.0.27130.2036
MinimumVisualStudioVersion = 10.0.40219.1
Project("{9A19103F-16F7-4668-BE54-9A1E7A4F7556}") = "ESGExpressionLib", "ESGExpressionLib.csproj", "{99125483-912B-4B36-B76E-B0A2B819A03D}"
EndProject
Project("{FAE04EC0-301F-11D3-BF4B-00C04F79EFBC}") = "ECCONet", "..\ECCONet\ECCONet.csproj", "{CCC90ED9-CC6A-4DEE-9EE5-05096661329A}"
EndProject
Global
	GlobalSection(SolutionConfigurationPlatforms) = preSolution
		Debug|Any CPU = Debug|Any CPU
		Release|Any CPU = Release|Any CPU
	EndGlobalSection
	GlobalSection(ProjectConfigurationPlatforms) = postSolution
		{99125483-912B-4B36-B76E-B0A2B819A03D}.Debug|Any CPU.ActiveCfg = Debug|Any CPU
		{99125483-912B-4B36-B76E-B0A2B819A03D}.Debug|Any CPU.Build.0 = Debug|Any CPU
		{99125483-912B-4B36-B76E-B0A2B819A03D}.Release|Any CPU.ActiveCfg = Release|Any CPU
		{99125483-912B-4B36-B76E-B0A2B819A03D}.Release|Any CPU.Build.0 = Release|Any CPU
		{CCC90ED9-CC6A-4DEE-9EE5-05096661329A}.Debug|Any CPU.ActiveCfg = Debug|Any CPU
		{CCC90ED9-CC6A-4DEE-9EE5-05096661329A}.Debug|Any CPU.Build.0 = Debug|Any CPU
		{CCC90ED9-CC6A-4DEE-9EE5-05096661329A}.Release|Any CPU.ActiveCfg = Release|Any CPU
		{CCC90ED9-CC6A-4DEE-9EE5-05096661329A}.Release|Any CPU.Build.0 = Release|Any CPU
	EndGlobalSection
	GlobalSection(SolutionProperties) = preSolution
		HideSolutionNode = FALSE
	EndGlobalSection
	GlobalSection(ExtensibilityGlobals) = postSolution
		SolutionGuid = {FEB0F3BC-BE5A-429D-81DB-B4396FA3A9D7}
	EndGlobalSection
EndGlobal
