
Microsoft Visual Studio Solution File, Format Version 12.00
# Visual Studio Version 17
VisualStudioVersion = 17.5.002.0
MinimumVisualStudioVersion = 10.0.40219.1
Project("{9A19103F-16F7-4668-BE54-9A1E7A4F7556}") = "ECCONet", "ECCONet.csproj", "{EB64174D-0C3D-4440-9532-9358058A04B2}"
EndProject
Global
	GlobalSection(SolutionConfigurationPlatforms) = preSolution
		Debug|Any CPU = Debug|Any CPU
		Release|Any CPU = Release|Any CPU
	EndGlobalSection
	GlobalSection(ProjectConfigurationPlatforms) = postSolution
		{EB64174D-0C3D-4440-9532-9358058A04B2}.Debug|Any CPU.ActiveCfg = Debug|Any CPU
		{EB64174D-0C3D-4440-9532-9358058A04B2}.Debug|Any CPU.Build.0 = Debug|Any CPU
		{EB64174D-0C3D-4440-9532-9358058A04B2}.Release|Any CPU.ActiveCfg = Release|Any CPU
		{EB64174D-0C3D-4440-9532-9358058A04B2}.Release|Any CPU.Build.0 = Release|Any CPU
	EndGlobalSection
	GlobalSection(SolutionProperties) = preSolution
		HideSolutionNode = FALSE
	EndGlobalSection
	GlobalSection(ExtensibilityGlobals) = postSolution
		SolutionGuid = {65AB294E-3711-4A1C-846C-400F722EB0B0}
	EndGlobalSection
EndGlobal
